// !$*UTF8*$!
{
	archiveVersion = 1;
	classes = {
	};
	objectVersion = 56;
	objects = {

/* Begin PBXBuildFile section */
		6707E3DA2A9C977800B88F4F /* AppDelegate.swift in Sources */ = {isa = PBXBuildFile; fileRef = 6707E3D92A9C977800B88F4F /* AppDelegate.swift */; };
		6707E3DC2A9C977800B88F4F /* SceneDelegate.swift in Sources */ = {isa = PBXBuildFile; fileRef = 6707E3DB2A9C977800B88F4F /* SceneDelegate.swift */; };
		6707E3DE2A9C977800B88F4F /* MainTabBarViewController.swift in Sources */ = {isa = PBXBuildFile; fileRef = 6707E3DD2A9C977800B88F4F /* MainTabBarViewController.swift */; };
		6707E3E32A9C977900B88F4F /* Assets.xcassets in Resources */ = {isa = PBXBuildFile; fileRef = 6707E3E22A9C977900B88F4F /* Assets.xcassets */; };
		6707E3E62A9C977900B88F4F /* LaunchScreen.storyboard in Resources */ = {isa = PBXBuildFile; fileRef = 6707E3E42A9C977900B88F4F /* LaunchScreen.storyboard */; };
		6707E3EF2A9CA33500B88F4F /* HomeViewController.swift in Sources */ = {isa = PBXBuildFile; fileRef = 6707E3EE2A9CA33500B88F4F /* HomeViewController.swift */; };
		6707E3F12A9CA38800B88F4F /* UpComingViewController.swift in Sources */ = {isa = PBXBuildFile; fileRef = 6707E3F02A9CA38800B88F4F /* UpComingViewController.swift */; };
		6707E3F32A9CA3A200B88F4F /* SearchViewController.swift in Sources */ = {isa = PBXBuildFile; fileRef = 6707E3F22A9CA3A200B88F4F /* SearchViewController.swift */; };
		6707E3F52A9CA40B00B88F4F /* DownloadsViewController.swift in Sources */ = {isa = PBXBuildFile; fileRef = 6707E3F42A9CA40B00B88F4F /* DownloadsViewController.swift */; };
		671948C22AA8BCF400DB0673 /* CollectionViewTableViewCell.swift in Sources */ = {isa = PBXBuildFile; fileRef = 671948C12AA8BCF400DB0673 /* CollectionViewTableViewCell.swift */; };
		671948C42AA8CE9700DB0673 /* HeroHeaderUIView.swift in Sources */ = {isa = PBXBuildFile; fileRef = 671948C32AA8CE9700DB0673 /* HeroHeaderUIView.swift */; };
		67626CBD2ABF2707006F4C49 /* ApiCalller.swift in Sources */ = {isa = PBXBuildFile; fileRef = 67626CBC2ABF2707006F4C49 /* ApiCalller.swift */; };
		67626CBF2ABF9474006F4C49 /* Movies.swift in Sources */ = {isa = PBXBuildFile; fileRef = 67626CBE2ABF9474006F4C49 /* Movies.swift */; };
		67626CC12ABFAB65006F4C49 /* Extensions.swift in Sources */ = {isa = PBXBuildFile; fileRef = 67626CC02ABFAB65006F4C49 /* Extensions.swift */; };
		67626CC32AC1628C006F4C49 /* TvsModel.swift in Sources */ = {isa = PBXBuildFile; fileRef = 67626CC22AC1628C006F4C49 /* TvsModel.swift */; };
		67626CCB2AC19482006F4C49 /* TitleCollectionViewCell.swift in Sources */ = {isa = PBXBuildFile; fileRef = 67626CCA2AC19482006F4C49 /* TitleCollectionViewCell.swift */; };
		67626CCE2AC19B27006F4C49 /* SDWebImage in Frameworks */ = {isa = PBXBuildFile; productRef = 67626CCD2AC19B27006F4C49 /* SDWebImage */; };
		67626CD02AC19B27006F4C49 /* SDWebImageMapKit in Frameworks */ = {isa = PBXBuildFile; productRef = 67626CCF2AC19B27006F4C49 /* SDWebImageMapKit */; };
		67626CD82AC2CE6B006F4C49 /* TitleTableViewCell.swift in Sources */ = {isa = PBXBuildFile; fileRef = 67626CD72AC2CE6B006F4C49 /* TitleTableViewCell.swift */; };
		67626CDA2AC2DDDB006F4C49 /* TitleViewModel.swift in Sources */ = {isa = PBXBuildFile; fileRef = 67626CD92AC2DDDB006F4C49 /* TitleViewModel.swift */; };
		67626CDC2AC309F0006F4C49 /* SearchResultViewController.swift in Sources */ = {isa = PBXBuildFile; fileRef = 67626CDB2AC309F0006F4C49 /* SearchResultViewController.swift */; };
		67626CE02AC35B04006F4C49 /* youtubeRepsonse.swift in Sources */ = {isa = PBXBuildFile; fileRef = 67626CDF2AC35B04006F4C49 /* youtubeRepsonse.swift */; };
		67626CE22AC35F5C006F4C49 /* TitlePreviewViewController.swift in Sources */ = {isa = PBXBuildFile; fileRef = 67626CE12AC35F5C006F4C49 /* TitlePreviewViewController.swift */; };
		67626CE42AC36CCF006F4C49 /* TitlePreviewViewModel.swift in Sources */ = {isa = PBXBuildFile; fileRef = 67626CE32AC36CCF006F4C49 /* TitlePreviewViewModel.swift */; };
/* End PBXBuildFile section */

/* Begin PBXFileReference section */
		6707E3D62A9C977800B88F4F /* Netflix Clone.app */ = {isa = PBXFileReference; explicitFileType = wrapper.application; includeInIndex = 0; path = "Netflix Clone.app"; sourceTree = BUILT_PRODUCTS_DIR; };
		6707E3D92A9C977800B88F4F /* AppDelegate.swift */ = {isa = PBXFileReference; lastKnownFileType = sourcecode.swift; path = AppDelegate.swift; sourceTree = "<group>"; };
		6707E3DB2A9C977800B88F4F /* SceneDelegate.swift */ = {isa = PBXFileReference; lastKnownFileType = sourcecode.swift; path = SceneDelegate.swift; sourceTree = "<group>"; };
		6707E3DD2A9C977800B88F4F /* MainTabBarViewController.swift */ = {isa = PBXFileReference; lastKnownFileType = sourcecode.swift; path = MainTabBarViewController.swift; sourceTree = "<group>"; };
		6707E3E22A9C977900B88F4F /* Assets.xcassets */ = {isa = PBXFileReference; lastKnownFileType = folder.assetcatalog; path = Assets.xcassets; sourceTree = "<group>"; };
		6707E3E52A9C977900B88F4F /* Base */ = {isa = PBXFileReference; lastKnownFileType = file.storyboard; name = Base; path = Base.lproj/LaunchScreen.storyboard; sourceTree = "<group>"; };
		6707E3E72A9C977900B88F4F /* Info.plist */ = {isa = PBXFileReference; lastKnownFileType = text.plist.xml; path = Info.plist; sourceTree = "<group>"; };
		6707E3EE2A9CA33500B88F4F /* HomeViewController.swift */ = {isa = PBXFileReference; lastKnownFileType = sourcecode.swift; path = HomeViewController.swift; sourceTree = "<group>"; };
		6707E3F02A9CA38800B88F4F /* UpComingViewController.swift */ = {isa = PBXFileReference; lastKnownFileType = sourcecode.swift; path = UpComingViewController.swift; sourceTree = "<group>"; };
		6707E3F22A9CA3A200B88F4F /* SearchViewController.swift */ = {isa = PBXFileReference; lastKnownFileType = sourcecode.swift; path = SearchViewController.swift; sourceTree = "<group>"; };
		6707E3F42A9CA40B00B88F4F /* DownloadsViewController.swift */ = {isa = PBXFileReference; lastKnownFileType = sourcecode.swift; path = DownloadsViewController.swift; sourceTree = "<group>"; };
		671948C12AA8BCF400DB0673 /* CollectionViewTableViewCell.swift */ = {isa = PBXFileReference; lastKnownFileType = sourcecode.swift; path = CollectionViewTableViewCell.swift; sourceTree = "<group>"; };
		671948C32AA8CE9700DB0673 /* HeroHeaderUIView.swift */ = {isa = PBXFileReference; lastKnownFileType = sourcecode.swift; path = HeroHeaderUIView.swift; sourceTree = "<group>"; };
		67626CBC2ABF2707006F4C49 /* ApiCalller.swift */ = {isa = PBXFileReference; lastKnownFileType = sourcecode.swift; path = ApiCalller.swift; sourceTree = "<group>"; };
		67626CBE2ABF9474006F4C49 /* Movies.swift */ = {isa = PBXFileReference; lastKnownFileType = sourcecode.swift; path = Movies.swift; sourceTree = "<group>"; };
		67626CC02ABFAB65006F4C49 /* Extensions.swift */ = {isa = PBXFileReference; lastKnownFileType = sourcecode.swift; path = Extensions.swift; sourceTree = "<group>"; };
		67626CC22AC1628C006F4C49 /* TvsModel.swift */ = {isa = PBXFileReference; lastKnownFileType = sourcecode.swift; path = TvsModel.swift; sourceTree = "<group>"; };
		67626CCA2AC19482006F4C49 /* TitleCollectionViewCell.swift */ = {isa = PBXFileReference; lastKnownFileType = sourcecode.swift; path = TitleCollectionViewCell.swift; sourceTree = "<group>"; };
		67626CD72AC2CE6B006F4C49 /* TitleTableViewCell.swift */ = {isa = PBXFileReference; lastKnownFileType = sourcecode.swift; path = TitleTableViewCell.swift; sourceTree = "<group>"; };
		67626CD92AC2DDDB006F4C49 /* TitleViewModel.swift */ = {isa = PBXFileReference; lastKnownFileType = sourcecode.swift; path = TitleViewModel.swift; sourceTree = "<group>"; };
		67626CDB2AC309F0006F4C49 /* SearchResultViewController.swift */ = {isa = PBXFileReference; lastKnownFileType = sourcecode.swift; path = SearchResultViewController.swift; sourceTree = "<group>"; };
		67626CDF2AC35B04006F4C49 /* youtubeRepsonse.swift */ = {isa = PBXFileReference; lastKnownFileType = sourcecode.swift; path = youtubeRepsonse.swift; sourceTree = "<group>"; };
		67626CE12AC35F5C006F4C49 /* TitlePreviewViewController.swift */ = {isa = PBXFileReference; lastKnownFileType = sourcecode.swift; path = TitlePreviewViewController.swift; sourceTree = "<group>"; };
		67626CE32AC36CCF006F4C49 /* TitlePreviewViewModel.swift */ = {isa = PBXFileReference; lastKnownFileType = sourcecode.swift; path = TitlePreviewViewModel.swift; sourceTree = "<group>"; };
/* End PBXFileReference section */

/* Begin PBXFrameworksBuildPhase section */
		6707E3D32A9C977800B88F4F /* Frameworks */ = {
			isa = PBXFrameworksBuildPhase;
			buildActionMask = 2147483647;
			files = (
				67626CD02AC19B27006F4C49 /* SDWebImageMapKit in Frameworks */,
				67626CCE2AC19B27006F4C49 /* SDWebImage in Frameworks */,
			);
			runOnlyForDeploymentPostprocessing = 0;
		};
/* End PBXFrameworksBuildPhase section */

/* Begin PBXGroup section */
		6707E3CD2A9C977800B88F4F = {
			isa = PBXGroup;
			children = (
				6707E3D82A9C977800B88F4F /* Netflix Clone */,
				6707E3D72A9C977800B88F4F /* Products */,
			);
			sourceTree = "<group>";
		};
		6707E3D72A9C977800B88F4F /* Products */ = {
			isa = PBXGroup;
			children = (
				6707E3D62A9C977800B88F4F /* Netflix Clone.app */,
			);
			name = Products;
			sourceTree = "<group>";
		};
		6707E3D82A9C977800B88F4F /* Netflix Clone */ = {
			isa = PBXGroup;
			children = (
				671948C02AA8BBD300DB0673 /* Managers */,
				671948BF2AA8BBC600DB0673 /* Resources */,
				671948BE2AA8BBB500DB0673 /* Models */,
				671948BD2AA8BBA600DB0673 /* ViewsModels */,
				671948BC2AA8B11600DB0673 /* Views */,
				6707E3ED2A9CA2F200B88F4F /* Controllers */,
				6707E3D92A9C977800B88F4F /* AppDelegate.swift */,
				6707E3DB2A9C977800B88F4F /* SceneDelegate.swift */,
				6707E3DD2A9C977800B88F4F /* MainTabBarViewController.swift */,
				6707E3E22A9C977900B88F4F /* Assets.xcassets */,
				6707E3E42A9C977900B88F4F /* LaunchScreen.storyboard */,
				6707E3E72A9C977900B88F4F /* Info.plist */,
			);
			path = "Netflix Clone";
			sourceTree = "<group>";
		};
		6707E3ED2A9CA2F200B88F4F /* Controllers */ = {
			isa = PBXGroup;
			children = (
				67626CDE2AC30A60006F4C49 /* GeneralSearch */,
				67626CDD2AC30A20006F4C49 /* Core */,
			);
			path = Controllers;
			sourceTree = "<group>";
		};
		671948BC2AA8B11600DB0673 /* Views */ = {
			isa = PBXGroup;
			children = (
				671948C12AA8BCF400DB0673 /* CollectionViewTableViewCell.swift */,
				671948C32AA8CE9700DB0673 /* HeroHeaderUIView.swift */,
				67626CCA2AC19482006F4C49 /* TitleCollectionViewCell.swift */,
				67626CD72AC2CE6B006F4C49 /* TitleTableViewCell.swift */,
			);
			path = Views;
			sourceTree = "<group>";
		};
		671948BD2AA8BBA600DB0673 /* ViewsModels */ = {
			isa = PBXGroup;
			children = (
				67626CD92AC2DDDB006F4C49 /* TitleViewModel.swift */,
				67626CE32AC36CCF006F4C49 /* TitlePreviewViewModel.swift */,
			);
			path = ViewsModels;
			sourceTree = "<group>";
		};
		671948BE2AA8BBB500DB0673 /* Models */ = {
			isa = PBXGroup;
			children = (
				67626CBE2ABF9474006F4C49 /* Movies.swift */,
				67626CC22AC1628C006F4C49 /* TvsModel.swift */,
				67626CDF2AC35B04006F4C49 /* youtubeRepsonse.swift */,
			);
			path = Models;
			sourceTree = "<group>";
		};
		671948BF2AA8BBC600DB0673 /* Resources */ = {
			isa = PBXGroup;
			children = (
				67626CC02ABFAB65006F4C49 /* Extensions.swift */,
			);
			path = Resources;
			sourceTree = "<group>";
		};
		671948C02AA8BBD300DB0673 /* Managers */ = {
			isa = PBXGroup;
			children = (
				67626CBC2ABF2707006F4C49 /* ApiCalller.swift */,
			);
			path = Managers;
			sourceTree = "<group>";
		};
		67626CDD2AC30A20006F4C49 /* Core */ = {
			isa = PBXGroup;
			children = (
				6707E3EE2A9CA33500B88F4F /* HomeViewController.swift */,
				6707E3F02A9CA38800B88F4F /* UpComingViewController.swift */,
				6707E3F22A9CA3A200B88F4F /* SearchViewController.swift */,
				6707E3F42A9CA40B00B88F4F /* DownloadsViewController.swift */,
			);
			path = Core;
			sourceTree = "<group>";
		};
		67626CDE2AC30A60006F4C49 /* GeneralSearch */ = {
			isa = PBXGroup;
			children = (
				67626CDB2AC309F0006F4C49 /* SearchResultViewController.swift */,
				67626CE12AC35F5C006F4C49 /* TitlePreviewViewController.swift */,
			);
			path = GeneralSearch;
			sourceTree = "<group>";
		};
/* End PBXGroup section */

/* Begin PBXNativeTarget section */
		6707E3D52A9C977800B88F4F /* Netflix Clone */ = {
			isa = PBXNativeTarget;
			buildConfigurationList = 6707E3EA2A9C977900B88F4F /* Build configuration list for PBXNativeTarget "Netflix Clone" */;
			buildPhases = (
				6707E3D22A9C977800B88F4F /* Sources */,
				6707E3D32A9C977800B88F4F /* Frameworks */,
				6707E3D42A9C977800B88F4F /* Resources */,
			);
			buildRules = (
			);
			dependencies = (
			);
			name = "Netflix Clone";
			packageProductDependencies = (
				67626CCD2AC19B27006F4C49 /* SDWebImage */,
				67626CCF2AC19B27006F4C49 /* SDWebImageMapKit */,
			);
			productName = "Netflix Clone";
			productReference = 6707E3D62A9C977800B88F4F /* Netflix Clone.app */;
			productType = "com.apple.product-type.application";
		};
/* End PBXNativeTarget section */

/* Begin PBXProject section */
		6707E3CE2A9C977800B88F4F /* Project object */ = {
			isa = PBXProject;
			attributes = {
				BuildIndependentTargetsInParallel = 1;
				LastSwiftUpdateCheck = 1430;
				LastUpgradeCheck = 1430;
				TargetAttributes = {
					6707E3D52A9C977800B88F4F = {
						CreatedOnToolsVersion = 14.3.1;
					};
				};
			};
			buildConfigurationList = 6707E3D12A9C977800B88F4F /* Build configuration list for PBXProject "Netflix Clone" */;
			compatibilityVersion = "Xcode 14.0";
			developmentRegion = en;
			hasScannedForEncodings = 0;
			knownRegions = (
				en,
				Base,
			);
			mainGroup = 6707E3CD2A9C977800B88F4F;
			packageReferences = (
				67626CCC2AC19B27006F4C49 /* XCRemoteSwiftPackageReference "SDWebImage" */,
			);
			productRefGroup = 6707E3D72A9C977800B88F4F /* Products */;
			projectDirPath = "";
			projectRoot = "";
			targets = (
				6707E3D52A9C977800B88F4F /* Netflix Clone */,
			);
		};
/* End PBXProject section */

/* Begin PBXResourcesBuildPhase section */
		6707E3D42A9C977800B88F4F /* Resources */ = {
			isa = PBXResourcesBuildPhase;
			buildActionMask = 2147483647;
			files = (
				6707E3E62A9C977900B88F4F /* LaunchScreen.storyboard in Resources */,
				6707E3E32A9C977900B88F4F /* Assets.xcassets in Resources */,
			);
			runOnlyForDeploymentPostprocessing = 0;
		};
/* End PBXResourcesBuildPhase section */

/* Begin PBXSourcesBuildPhase section */
		6707E3D22A9C977800B88F4F /* Sources */ = {
			isa = PBXSourcesBuildPhase;
			buildActionMask = 2147483647;
			files = (
				6707E3F32A9CA3A200B88F4F /* SearchViewController.swift in Sources */,
				67626CBF2ABF9474006F4C49 /* Movies.swift in Sources */,
				67626CCB2AC19482006F4C49 /* TitleCollectionViewCell.swift in Sources */,
				6707E3DE2A9C977800B88F4F /* MainTabBarViewController.swift in Sources */,
				671948C22AA8BCF400DB0673 /* CollectionViewTableViewCell.swift in Sources */,
				671948C42AA8CE9700DB0673 /* HeroHeaderUIView.swift in Sources */,
				6707E3F52A9CA40B00B88F4F /* DownloadsViewController.swift in Sources */,
				6707E3DA2A9C977800B88F4F /* AppDelegate.swift in Sources */,
				67626CC12ABFAB65006F4C49 /* Extensions.swift in Sources */,
				67626CE22AC35F5C006F4C49 /* TitlePreviewViewController.swift in Sources */,
				67626CBD2ABF2707006F4C49 /* ApiCalller.swift in Sources */,
				67626CD82AC2CE6B006F4C49 /* TitleTableViewCell.swift in Sources */,
				67626CC32AC1628C006F4C49 /* TvsModel.swift in Sources */,
				67626CE02AC35B04006F4C49 /* youtubeRepsonse.swift in Sources */,
				6707E3F12A9CA38800B88F4F /* UpComingViewController.swift in Sources */,
				67626CDC2AC309F0006F4C49 /* SearchResultViewController.swift in Sources */,
				67626CDA2AC2DDDB006F4C49 /* TitleViewModel.swift in Sources */,
				6707E3DC2A9C977800B88F4F /* SceneDelegate.swift in Sources */,
				67626CE42AC36CCF006F4C49 /* TitlePreviewViewModel.swift in Sources */,
				6707E3EF2A9CA33500B88F4F /* HomeViewController.swift in Sources */,
			);
			runOnlyForDeploymentPostprocessing = 0;
		};
/* End PBXSourcesBuildPhase section */

/* Begin PBXVariantGroup section */
		6707E3E42A9C977900B88F4F /* LaunchScreen.storyboard */ = {
			isa = PBXVariantGroup;
			children = (
				6707E3E52A9C977900B88F4F /* Base */,
			);
			name = LaunchScreen.storyboard;
			sourceTree = "<group>";
		};
/* End PBXVariantGroup section */

/* Begin XCBuildConfiguration section */
		6707E3E82A9C977900B88F4F /* Debug */ = {
			isa = XCBuildConfiguration;
			buildSettings = {
				ALWAYS_SEARCH_USER_PATHS = NO;
				CLANG_ANALYZER_NONNULL = YES;
				CLANG_ANALYZER_NUMBER_OBJECT_CONVERSION = YES_AGGRESSIVE;
				CLANG_CXX_LANGUAGE_STANDARD = "gnu++20";
				CLANG_ENABLE_MODULES = YES;
				CLANG_ENABLE_OBJC_ARC = YES;
				CLANG_ENABLE_OBJC_WEAK = YES;
				CLANG_WARN_BLOCK_CAPTURE_AUTORELEASING = YES;
				CLANG_WARN_BOOL_CONVERSION = YES;
				CLANG_WARN_COMMA = YES;
				CLANG_WARN_CONSTANT_CONVERSION = YES;
				CLANG_WARN_DEPRECATED_OBJC_IMPLEMENTATIONS = YES;
				CLANG_WARN_DIRECT_OBJC_ISA_USAGE = YES_ERROR;
				CLANG_WARN_DOCUMENTATION_COMMENTS = YES;
				CLANG_WARN_EMPTY_BODY = YES;
				CLANG_WARN_ENUM_CONVERSION = YES;
				CLANG_WARN_INFINITE_RECURSION = YES;
				CLANG_WARN_INT_CONVERSION = YES;
				CLANG_WARN_NON_LITERAL_NULL_CONVERSION = YES;
				CLANG_WARN_OBJC_IMPLICIT_RETAIN_SELF = YES;
				CLANG_WARN_OBJC_LITERAL_CONVERSION = YES;
				CLANG_WARN_OBJC_ROOT_CLASS = YES_ERROR;
				CLANG_WARN_QUOTED_INCLUDE_IN_FRAMEWORK_HEADER = YES;
				CLANG_WARN_RANGE_LOOP_ANALYSIS = YES;
				CLANG_WARN_STRICT_PROTOTYPES = YES;
				CLANG_WARN_SUSPICIOUS_MOVE = YES;
				CLANG_WARN_UNGUARDED_AVAILABILITY = YES_AGGRESSIVE;
				CLANG_WARN_UNREACHABLE_CODE = YES;
				CLANG_WARN__DUPLICATE_METHOD_MATCH = YES;
				COPY_PHASE_STRIP = NO;
				DEBUG_INFORMATION_FORMAT = dwarf;
				ENABLE_STRICT_OBJC_MSGSEND = YES;
				ENABLE_TESTABILITY = YES;
				GCC_C_LANGUAGE_STANDARD = gnu11;
				GCC_DYNAMIC_NO_PIC = NO;
				GCC_NO_COMMON_BLOCKS = YES;
				GCC_OPTIMIZATION_LEVEL = 0;
				GCC_PREPROCESSOR_DEFINITIONS = (
					"DEBUG=1",
					"$(inherited)",
				);
				GCC_WARN_64_TO_32_BIT_CONVERSION = YES;
				GCC_WARN_ABOUT_RETURN_TYPE = YES_ERROR;
				GCC_WARN_UNDECLARED_SELECTOR = YES;
				GCC_WARN_UNINITIALIZED_AUTOS = YES_AGGRESSIVE;
				GCC_WARN_UNUSED_FUNCTION = YES;
				GCC_WARN_UNUSED_VARIABLE = YES;
				IPHONEOS_DEPLOYMENT_TARGET = 16.4;
				MTL_ENABLE_DEBUG_INFO = INCLUDE_SOURCE;
				MTL_FAST_MATH = YES;
				ONLY_ACTIVE_ARCH = YES;
				SDKROOT = iphoneos;
				SWIFT_ACTIVE_COMPILATION_CONDITIONS = DEBUG;
				SWIFT_OPTIMIZATION_LEVEL = "-Onone";
			};
			name = Debug;
		};
		6707E3E92A9C977900B88F4F /* Release */ = {
			isa = XCBuildConfiguration;
			buildSettings = {
				ALWAYS_SEARCH_USER_PATHS = NO;
				CLANG_ANALYZER_NONNULL = YES;
				CLANG_ANALYZER_NUMBER_OBJECT_CONVERSION = YES_AGGRESSIVE;
				CLANG_CXX_LANGUAGE_STANDARD = "gnu++20";
				CLANG_ENABLE_MODULES = YES;
				CLANG_ENABLE_OBJC_ARC = YES;
				CLANG_ENABLE_OBJC_WEAK = YES;
				CLANG_WARN_BLOCK_CAPTURE_AUTORELEASING = YES;
				CLANG_WARN_BOOL_CONVERSION = YES;
				CLANG_WARN_COMMA = YES;
				CLANG_WARN_CONSTANT_CONVERSION = YES;
				CLANG_WARN_DEPRECATED_OBJC_IMPLEMENTATIONS = YES;
				CLANG_WARN_DIRECT_OBJC_ISA_USAGE = YES_ERROR;
				CLANG_WARN_DOCUMENTATION_COMMENTS = YES;
				CLANG_WARN_EMPTY_BODY = YES;
				CLANG_WARN_ENUM_CONVERSION = YES;
				CLANG_WARN_INFINITE_RECURSION = YES;
				CLANG_WARN_INT_CONVERSION = YES;
				CLANG_WARN_NON_LITERAL_NULL_CONVERSION = YES;
				CLANG_WARN_OBJC_IMPLICIT_RETAIN_SELF = YES;
				CLANG_WARN_OBJC_LITERAL_CONVERSION = YES;
				CLANG_WARN_OBJC_ROOT_CLASS = YES_ERROR;
				CLANG_WARN_QUOTED_INCLUDE_IN_FRAMEWORK_HEADER = YES;
				CLANG_WARN_RANGE_LOOP_ANALYSIS = YES;
				CLANG_WARN_STRICT_PROTOTYPES = YES;
				CLANG_WARN_SUSPICIOUS_MOVE = YES;
				CLANG_WARN_UNGUARDED_AVAILABILITY = YES_AGGRESSIVE;
				CLANG_WARN_UNREACHABLE_CODE = YES;
				CLANG_WARN__DUPLICATE_METHOD_MATCH = YES;
				COPY_PHASE_STRIP = NO;
				DEBUG_INFORMATION_FORMAT = "dwarf-with-dsym";
				ENABLE_NS_ASSERTIONS = NO;
				ENABLE_STRICT_OBJC_MSGSEND = YES;
				GCC_C_LANGUAGE_STANDARD = gnu11;
				GCC_NO_COMMON_BLOCKS = YES;
				GCC_WARN_64_TO_32_BIT_CONVERSION = YES;
				GCC_WARN_ABOUT_RETURN_TYPE = YES_ERROR;
				GCC_WARN_UNDECLARED_SELECTOR = YES;
				GCC_WARN_UNINITIALIZED_AUTOS = YES_AGGRESSIVE;
				GCC_WARN_UNUSED_FUNCTION = YES;
				GCC_WARN_UNUSED_VARIABLE = YES;
				IPHONEOS_DEPLOYMENT_TARGET = 16.4;
				MTL_ENABLE_DEBUG_INFO = NO;
				MTL_FAST_MATH = YES;
				SDKROOT = iphoneos;
				SWIFT_COMPILATION_MODE = wholemodule;
				SWIFT_OPTIMIZATION_LEVEL = "-O";
				VALIDATE_PRODUCT = YES;
			};
			name = Release;
		};
		6707E3EB2A9C977900B88F4F /* Debug */ = {
			isa = XCBuildConfiguration;
			buildSettings = {
				ASSETCATALOG_COMPILER_APPICON_NAME = AppIcon;
				ASSETCATALOG_COMPILER_GLOBAL_ACCENT_COLOR_NAME = AccentColor;
				CODE_SIGN_STYLE = Automatic;
				CURRENT_PROJECT_VERSION = 1;
				DEVELOPMENT_TEAM = 2NP5NSVDR7;
				GENERATE_INFOPLIST_FILE = YES;
				INFOPLIST_FILE = "Netflix Clone/Info.plist";
				INFOPLIST_KEY_UIApplicationSupportsIndirectInputEvents = YES;
				INFOPLIST_KEY_UILaunchStoryboardName = LaunchScreen;
				INFOPLIST_KEY_UISupportedInterfaceOrientations_iPad = "UIInterfaceOrientationPortrait UIInterfaceOrientationPortraitUpsideDown UIInterfaceOrientationLandscapeLeft UIInterfaceOrientationLandscapeRight";
				INFOPLIST_KEY_UISupportedInterfaceOrientations_iPhone = "UIInterfaceOrientationPortrait UIInterfaceOrientationLandscapeLeft UIInterfaceOrientationLandscapeRight";
				LD_RUNPATH_SEARCH_PATHS = (
					"$(inherited)",
					"@executable_path/Frameworks",
				);
				MARKETING_VERSION = 1.0;
				PRODUCT_BUNDLE_IDENTIFIER = "com.FredrickObarafor.Netflix-Clone";
				PRODUCT_NAME = "$(TARGET_NAME)";
				SWIFT_EMIT_LOC_STRINGS = YES;
				SWIFT_VERSION = 5.0;
				TARGETED_DEVICE_FAMILY = "1,2";
			};
			name = Debug;
		};
		6707E3EC2A9C977900B88F4F /* Release */ = {
			isa = XCBuildConfiguration;
			buildSettings = {
				ASSETCATALOG_COMPILER_APPICON_NAME = AppIcon;
				ASSETCATALOG_COMPILER_GLOBAL_ACCENT_COLOR_NAME = AccentColor;
				CODE_SIGN_STYLE = Automatic;
				CURRENT_PROJECT_VERSION = 1;
				DEVELOPMENT_TEAM = 2NP5NSVDR7;
				GENERATE_INFOPLIST_FILE = YES;
				INFOPLIST_FILE = "Netflix Clone/Info.plist";
				INFOPLIST_KEY_UIApplicationSupportsIndirectInputEvents = YES;
				INFOPLIST_KEY_UILaunchStoryboardName = LaunchScreen;
				INFOPLIST_KEY_UISupportedInterfaceOrientations_iPad = "UIInterfaceOrientationPortrait UIInterfaceOrientationPortraitUpsideDown UIInterfaceOrientationLandscapeLeft UIInterfaceOrientationLandscapeRight";
				INFOPLIST_KEY_UISupportedInterfaceOrientations_iPhone = "UIInterfaceOrientationPortrait UIInterfaceOrientationLandscapeLeft UIInterfaceOrientationLandscapeRight";
				LD_RUNPATH_SEARCH_PATHS = (
					"$(inherited)",
					"@executable_path/Frameworks",
				);
				MARKETING_VERSION = 1.0;
				PRODUCT_BUNDLE_IDENTIFIER = "com.FredrickObarafor.Netflix-Clone";
				PRODUCT_NAME = "$(TARGET_NAME)";
				SWIFT_EMIT_LOC_STRINGS = YES;
				SWIFT_VERSION = 5.0;
				TARGETED_DEVICE_FAMILY = "1,2";
			};
			name = Release;
		};
/* End XCBuildConfiguration section */

/* Begin XCConfigurationList section */
		6707E3D12A9C977800B88F4F /* Build configuration list for PBXProject "Netflix Clone" */ = {
			isa = XCConfigurationList;
			buildConfigurations = (
				6707E3E82A9C977900B88F4F /* Debug */,
				6707E3E92A9C977900B88F4F /* Release */,
			);
			defaultConfigurationIsVisible = 0;
			defaultConfigurationName = Release;
		};
		6707E3EA2A9C977900B88F4F /* Build configuration list for PBXNativeTarget "Netflix Clone" */ = {
			isa = XCConfigurationList;
			buildConfigurations = (
				6707E3EB2A9C977900B88F4F /* Debug */,
				6707E3EC2A9C977900B88F4F /* Release */,
			);
			defaultConfigurationIsVisible = 0;
			defaultConfigurationName = Release;
		};
/* End XCConfigurationList section */

/* Begin XCRemoteSwiftPackageReference section */
		67626CCC2AC19B27006F4C49 /* XCRemoteSwiftPackageReference "SDWebImage" */ = {
			isa = XCRemoteSwiftPackageReference;
			repositoryURL = "https://github.com/SDWebImage/SDWebImage.git";
			requirement = {
				kind = upToNextMajorVersion;
				minimumVersion = 5.0.0;
			};
		};
/* End XCRemoteSwiftPackageReference section */

/* Begin XCSwiftPackageProductDependency section */
		67626CCD2AC19B27006F4C49 /* SDWebImage */ = {
			isa = XCSwiftPackageProductDependency;
			package = 67626CCC2AC19B27006F4C49 /* XCRemoteSwiftPackageReference "SDWebImage" */;
			productName = SDWebImage;
		};
		67626CCF2AC19B27006F4C49 /* SDWebImageMapKit */ = {
			isa = XCSwiftPackageProductDependency;
			package = 67626CCC2AC19B27006F4C49 /* XCRemoteSwiftPackageReference "SDWebImage" */;
			productName = SDWebImageMapKit;
		};
/* End XCSwiftPackageProductDependency section */
	};
	rootObject = 6707E3CE2A9C977800B88F4F /* Project object */;
}
